// !$*UTF8*$!
{
	archiveVersion = 1;
	classes = {
	};
	objectVersion = 56;
	objects = {

/* Begin PBXBuildFile section */
		D83FF5C32DF7084400C87736 /* InstaStoryApp.swift in Sources */ = {isa = PBXBuildFile; fileRef = D83FF5C22DF7084400C87736 /* InstaStoryApp.swift */; };
		D83FF5C52DF7084400C87736 /* UserStoryView.swift in Sources */ = {isa = PBXBuildFile; fileRef = D83FF5C42DF7084400C87736 /* UserStoryView.swift */; };
		D83FF5C92DF7084500C87736 /* Assets.xcassets in Resources */ = {isa = PBXBuildFile; fileRef = D83FF5C82DF7084500C87736 /* Assets.xcassets */; };
		D83FF5CC2DF7084500C87736 /* Preview Assets.xcassets in Resources */ = {isa = PBXBuildFile; fileRef = D83FF5CB2DF7084500C87736 /* Preview Assets.xcassets */; };
		D83FF5D72DF7092100C87736 /* users_stories_mock.json in Resources */ = {isa = PBXBuildFile; fileRef = D83FF5D62DF7092100C87736 /* users_stories_mock.json */; };
		D83FF5D92DF7099B00C87736 /* ModelManager.swift in Sources */ = {isa = PBXBuildFile; fileRef = D83FF5D82DF7099B00C87736 /* ModelManager.swift */; };
		D83FF5DC2DF709D300C87736 /* UserModel.swift in Sources */ = {isa = PBXBuildFile; fileRef = D83FF5DB2DF709D300C87736 /* UserModel.swift */; };
		D83FF5DE2DF709DF00C87736 /* StoryModel.swift in Sources */ = {isa = PBXBuildFile; fileRef = D83FF5DD2DF709DF00C87736 /* StoryModel.swift */; };
		D83FF5E22DF70BAC00C87736 /* StoryDTO.swift in Sources */ = {isa = PBXBuildFile; fileRef = D83FF5E12DF70BAC00C87736 /* StoryDTO.swift */; };
		D83FF5E42DF70BC400C87736 /* UserDTO.swift in Sources */ = {isa = PBXBuildFile; fileRef = D83FF5E32DF70BC400C87736 /* UserDTO.swift */; };
		D83FF5E62DF70C0800C87736 /* UserRepository.swift in Sources */ = {isa = PBXBuildFile; fileRef = D83FF5E52DF70C0800C87736 /* UserRepository.swift */; };
		D83FF5E92DF70D5500C87736 /* Decodable.swift in Sources */ = {isa = PBXBuildFile; fileRef = D83FF5E82DF70D5500C87736 /* Decodable.swift */; };
		D83FF5EC2DF7150000C87736 /* UsersStoryViewModel.swift in Sources */ = {isa = PBXBuildFile; fileRef = D83FF5EB2DF7150000C87736 /* UsersStoryViewModel.swift */; };
		D83FF5EE2DF71D3900C87736 /* StoriesViewModel.swift in Sources */ = {isa = PBXBuildFile; fileRef = D83FF5ED2DF71D3900C87736 /* StoriesViewModel.swift */; };
		D83FF5F12DF723F000C87736 /* StoriesDetailView.swift in Sources */ = {isa = PBXBuildFile; fileRef = D83FF5F02DF723F000C87736 /* StoriesDetailView.swift */; };
/* End PBXBuildFile section */

/* Begin PBXFileReference section */
		D83FF5BF2DF7084400C87736 /* InstaStory.app */ = {isa = PBXFileReference; explicitFileType = wrapper.application; includeInIndex = 0; path = InstaStory.app; sourceTree = BUILT_PRODUCTS_DIR; };
		D83FF5C22DF7084400C87736 /* InstaStoryApp.swift */ = {isa = PBXFileReference; lastKnownFileType = sourcecode.swift; path = InstaStoryApp.swift; sourceTree = "<group>"; };
		D83FF5C42DF7084400C87736 /* UserStoryView.swift */ = {isa = PBXFileReference; lastKnownFileType = sourcecode.swift; path = UserStoryView.swift; sourceTree = "<group>"; };
		D83FF5C82DF7084500C87736 /* Assets.xcassets */ = {isa = PBXFileReference; lastKnownFileType = folder.assetcatalog; path = Assets.xcassets; sourceTree = "<group>"; };
		D83FF5CB2DF7084500C87736 /* Preview Assets.xcassets */ = {isa = PBXFileReference; lastKnownFileType = folder.assetcatalog; path = "Preview Assets.xcassets"; sourceTree = "<group>"; };
		D83FF5D62DF7092100C87736 /* users_stories_mock.json */ = {isa = PBXFileReference; fileEncoding = 4; lastKnownFileType = text.json; path = users_stories_mock.json; sourceTree = "<group>"; };
		D83FF5D82DF7099B00C87736 /* ModelManager.swift */ = {isa = PBXFileReference; lastKnownFileType = sourcecode.swift; path = ModelManager.swift; sourceTree = "<group>"; };
		D83FF5DB2DF709D300C87736 /* UserModel.swift */ = {isa = PBXFileReference; lastKnownFileType = sourcecode.swift; path = UserModel.swift; sourceTree = "<group>"; };
		D83FF5DD2DF709DF00C87736 /* StoryModel.swift */ = {isa = PBXFileReference; lastKnownFileType = sourcecode.swift; path = StoryModel.swift; sourceTree = "<group>"; };
		D83FF5E12DF70BAC00C87736 /* StoryDTO.swift */ = {isa = PBXFileReference; lastKnownFileType = sourcecode.swift; path = StoryDTO.swift; sourceTree = "<group>"; };
		D83FF5E32DF70BC400C87736 /* UserDTO.swift */ = {isa = PBXFileReference; lastKnownFileType = sourcecode.swift; path = UserDTO.swift; sourceTree = "<group>"; };
		D83FF5E52DF70C0800C87736 /* UserRepository.swift */ = {isa = PBXFileReference; lastKnownFileType = sourcecode.swift; path = UserRepository.swift; sourceTree = "<group>"; };
		D83FF5E82DF70D5500C87736 /* Decodable.swift */ = {isa = PBXFileReference; lastKnownFileType = sourcecode.swift; path = Decodable.swift; sourceTree = "<group>"; };
		D83FF5EB2DF7150000C87736 /* UsersStoryViewModel.swift */ = {isa = PBXFileReference; lastKnownFileType = sourcecode.swift; path = UsersStoryViewModel.swift; sourceTree = "<group>"; };
		D83FF5ED2DF71D3900C87736 /* StoriesViewModel.swift */ = {isa = PBXFileReference; lastKnownFileType = sourcecode.swift; path = StoriesViewModel.swift; sourceTree = "<group>"; };
		D83FF5F02DF723F000C87736 /* StoriesDetailView.swift */ = {isa = PBXFileReference; lastKnownFileType = sourcecode.swift; path = StoriesDetailView.swift; sourceTree = "<group>"; };
/* End PBXFileReference section */

/* Begin PBXFrameworksBuildPhase section */
		D83FF5BC2DF7084400C87736 /* Frameworks */ = {
			isa = PBXFrameworksBuildPhase;
			buildActionMask = 2147483647;
			files = (
			);
			runOnlyForDeploymentPostprocessing = 0;
		};
/* End PBXFrameworksBuildPhase section */

/* Begin PBXGroup section */
		D83FF5B62DF7084400C87736 = {
			isa = PBXGroup;
			children = (
				D83FF5C12DF7084400C87736 /* InstaStory */,
				D83FF5C02DF7084400C87736 /* Products */,
			);
			sourceTree = "<group>";
		};
		D83FF5C02DF7084400C87736 /* Products */ = {
			isa = PBXGroup;
			children = (
				D83FF5BF2DF7084400C87736 /* InstaStory.app */,
			);
			name = Products;
			sourceTree = "<group>";
		};
		D83FF5C12DF7084400C87736 /* InstaStory */ = {
			isa = PBXGroup;
			children = (
				D83FF5D52DF7088100C87736 /* Ressource */,
				D83FF5D32DF7086800C87736 /* Core */,
				D83FF5D22DF7085A00C87736 /* Data */,
				D83FF5DA2DF709BE00C87736 /* Model */,
				D83FF5D42DF7086E00C87736 /* Preentation */,
				D83FF5C82DF7084500C87736 /* Assets.xcassets */,
				D83FF5CA2DF7084500C87736 /* Preview Content */,
			);
			path = InstaStory;
			sourceTree = "<group>";
		};
		D83FF5CA2DF7084500C87736 /* Preview Content */ = {
			isa = PBXGroup;
			children = (
				D83FF5CB2DF7084500C87736 /* Preview Assets.xcassets */,
			);
			path = "Preview Content";
			sourceTree = "<group>";
		};
		D83FF5D22DF7085A00C87736 /* Data */ = {
			isa = PBXGroup;
			children = (
				D83FF5E72DF70D4A00C87736 /* HTTP */,
				D83FF5DF2DF70B9900C87736 /* DTO */,
				D83FF5D82DF7099B00C87736 /* ModelManager.swift */,
				D83FF5E52DF70C0800C87736 /* UserRepository.swift */,
			);
			path = Data;
			sourceTree = "<group>";
		};
		D83FF5D32DF7086800C87736 /* Core */ = {
			isa = PBXGroup;
			children = (
				D83FF5C22DF7084400C87736 /* InstaStoryApp.swift */,
			);
			path = Core;
			sourceTree = "<group>";
		};
		D83FF5D42DF7086E00C87736 /* Preentation */ = {
			isa = PBXGroup;
			children = (
				D83FF5EA2DF714E900C87736 /* ViewModel */,
				D83FF5C42DF7084400C87736 /* UserStoryView.swift */,
				D83FF5F02DF723F000C87736 /* StoriesDetailView.swift */,
			);
			path = Preentation;
			sourceTree = "<group>";
		};
		D83FF5D52DF7088100C87736 /* Ressource */ = {
			isa = PBXGroup;
			children = (
				D83FF5D62DF7092100C87736 /* users_stories_mock.json */,
			);
			path = Ressource;
			sourceTree = "<group>";
		};
		D83FF5DA2DF709BE00C87736 /* Model */ = {
			isa = PBXGroup;
			children = (
				D83FF5DB2DF709D300C87736 /* UserModel.swift */,
				D83FF5DD2DF709DF00C87736 /* StoryModel.swift */,
			);
			path = Model;
			sourceTree = "<group>";
		};
		D83FF5DF2DF70B9900C87736 /* DTO */ = {
			isa = PBXGroup;
			children = (
				D83FF5E12DF70BAC00C87736 /* StoryDTO.swift */,
				D83FF5E32DF70BC400C87736 /* UserDTO.swift */,
			);
			path = DTO;
			sourceTree = "<group>";
		};
		D83FF5E72DF70D4A00C87736 /* HTTP */ = {
			isa = PBXGroup;
			children = (
				D83FF5E82DF70D5500C87736 /* Decodable.swift */,
			);
			path = HTTP;
			sourceTree = "<group>";
		};
		D83FF5EA2DF714E900C87736 /* ViewModel */ = {
			isa = PBXGroup;
			children = (
				D83FF5EB2DF7150000C87736 /* UsersStoryViewModel.swift */,
				D83FF5ED2DF71D3900C87736 /* StoriesViewModel.swift */,
			);
			path = ViewModel;
			sourceTree = "<group>";
		};
/* End PBXGroup section */

/* Begin PBXNativeTarget section */
		D83FF5BE2DF7084400C87736 /* InstaStory */ = {
			isa = PBXNativeTarget;
			buildConfigurationList = D83FF5CF2DF7084500C87736 /* Build configuration list for PBXNativeTarget "InstaStory" */;
			buildPhases = (
				D83FF5BB2DF7084400C87736 /* Sources */,
				D83FF5BC2DF7084400C87736 /* Frameworks */,
				D83FF5BD2DF7084400C87736 /* Resources */,
			);
			buildRules = (
			);
			dependencies = (
			);
			name = InstaStory;
			productName = InstaStory;
			productReference = D83FF5BF2DF7084400C87736 /* InstaStory.app */;
			productType = "com.apple.product-type.application";
		};
/* End PBXNativeTarget section */

/* Begin PBXProject section */
		D83FF5B72DF7084400C87736 /* Project object */ = {
			isa = PBXProject;
			attributes = {
				BuildIndependentTargetsInParallel = 1;
				LastSwiftUpdateCheck = 1530;
				LastUpgradeCheck = 1530;
				TargetAttributes = {
					D83FF5BE2DF7084400C87736 = {
						CreatedOnToolsVersion = 15.3;
					};
				};
			};
			buildConfigurationList = D83FF5BA2DF7084400C87736 /* Build configuration list for PBXProject "InstaStory" */;
			compatibilityVersion = "Xcode 14.0";
			developmentRegion = en;
			hasScannedForEncodings = 0;
			knownRegions = (
				en,
				Base,
			);
			mainGroup = D83FF5B62DF7084400C87736;
			productRefGroup = D83FF5C02DF7084400C87736 /* Products */;
			projectDirPath = "";
			projectRoot = "";
			targets = (
				D83FF5BE2DF7084400C87736 /* InstaStory */,
			);
		};
/* End PBXProject section */

/* Begin PBXResourcesBuildPhase section */
		D83FF5BD2DF7084400C87736 /* Resources */ = {
			isa = PBXResourcesBuildPhase;
			buildActionMask = 2147483647;
			files = (
				D83FF5CC2DF7084500C87736 /* Preview Assets.xcassets in Resources */,
				D83FF5C92DF7084500C87736 /* Assets.xcassets in Resources */,
				D83FF5D72DF7092100C87736 /* users_stories_mock.json in Resources */,
			);
			runOnlyForDeploymentPostprocessing = 0;
		};
/* End PBXResourcesBuildPhase section */

/* Begin PBXSourcesBuildPhase section */
		D83FF5BB2DF7084400C87736 /* Sources */ = {
			isa = PBXSourcesBuildPhase;
			buildActionMask = 2147483647;
			files = (
				D83FF5C52DF7084400C87736 /* UserStoryView.swift in Sources */,
				D83FF5D92DF7099B00C87736 /* ModelManager.swift in Sources */,
				D83FF5EE2DF71D3900C87736 /* StoriesViewModel.swift in Sources */,
				D83FF5E62DF70C0800C87736 /* UserRepository.swift in Sources */,
				D83FF5EC2DF7150000C87736 /* UsersStoryViewModel.swift in Sources */,
				D83FF5E92DF70D5500C87736 /* Decodable.swift in Sources */,
				D83FF5DC2DF709D300C87736 /* UserModel.swift in Sources */,
				D83FF5E22DF70BAC00C87736 /* StoryDTO.swift in Sources */,
				D83FF5C32DF7084400C87736 /* InstaStoryApp.swift in Sources */,
				D83FF5F12DF723F000C87736 /* StoriesDetailView.swift in Sources */,
				D83FF5E42DF70BC400C87736 /* UserDTO.swift in Sources */,
				D83FF5DE2DF709DF00C87736 /* StoryModel.swift in Sources */,
			);
			runOnlyForDeploymentPostprocessing = 0;
		};
/* End PBXSourcesBuildPhase section */

/* Begin XCBuildConfiguration section */
		D83FF5CD2DF7084500C87736 /* Debug */ = {
			isa = XCBuildConfiguration;
			buildSettings = {
				ALWAYS_SEARCH_USER_PATHS = NO;
				ASSETCATALOG_COMPILER_GENERATE_SWIFT_ASSET_SYMBOL_EXTENSIONS = YES;
				CLANG_ANALYZER_NONNULL = YES;
				CLANG_ANALYZER_NUMBER_OBJECT_CONVERSION = YES_AGGRESSIVE;
				CLANG_CXX_LANGUAGE_STANDARD = "gnu++20";
				CLANG_ENABLE_MODULES = YES;
				CLANG_ENABLE_OBJC_ARC = YES;
				CLANG_ENABLE_OBJC_WEAK = YES;
				CLANG_WARN_BLOCK_CAPTURE_AUTORELEASING = YES;
				CLANG_WARN_BOOL_CONVERSION = YES;
				CLANG_WARN_COMMA = YES;
				CLANG_WARN_CONSTANT_CONVERSION = YES;
				CLANG_WARN_DEPRECATED_OBJC_IMPLEMENTATIONS = YES;
				CLANG_WARN_DIRECT_OBJC_ISA_USAGE = YES_ERROR;
				CLANG_WARN_DOCUMENTATION_COMMENTS = YES;
				CLANG_WARN_EMPTY_BODY = YES;
				CLANG_WARN_ENUM_CONVERSION = YES;
				CLANG_WARN_INFINITE_RECURSION = YES;
				CLANG_WARN_INT_CONVERSION = YES;
				CLANG_WARN_NON_LITERAL_NULL_CONVERSION = YES;
				CLANG_WARN_OBJC_IMPLICIT_RETAIN_SELF = YES;
				CLANG_WARN_OBJC_LITERAL_CONVERSION = YES;
				CLANG_WARN_OBJC_ROOT_CLASS = YES_ERROR;
				CLANG_WARN_QUOTED_INCLUDE_IN_FRAMEWORK_HEADER = YES;
				CLANG_WARN_RANGE_LOOP_ANALYSIS = YES;
				CLANG_WARN_STRICT_PROTOTYPES = YES;
				CLANG_WARN_SUSPICIOUS_MOVE = YES;
				CLANG_WARN_UNGUARDED_AVAILABILITY = YES_AGGRESSIVE;
				CLANG_WARN_UNREACHABLE_CODE = YES;
				CLANG_WARN__DUPLICATE_METHOD_MATCH = YES;
				COPY_PHASE_STRIP = NO;
				DEBUG_INFORMATION_FORMAT = dwarf;
				ENABLE_STRICT_OBJC_MSGSEND = YES;
				ENABLE_TESTABILITY = YES;
				ENABLE_USER_SCRIPT_SANDBOXING = YES;
				GCC_C_LANGUAGE_STANDARD = gnu17;
				GCC_DYNAMIC_NO_PIC = NO;
				GCC_NO_COMMON_BLOCKS = YES;
				GCC_OPTIMIZATION_LEVEL = 0;
				GCC_PREPROCESSOR_DEFINITIONS = (
					"DEBUG=1",
					"$(inherited)",
				);
				GCC_WARN_64_TO_32_BIT_CONVERSION = YES;
				GCC_WARN_ABOUT_RETURN_TYPE = YES_ERROR;
				GCC_WARN_UNDECLARED_SELECTOR = YES;
				GCC_WARN_UNINITIALIZED_AUTOS = YES_AGGRESSIVE;
				GCC_WARN_UNUSED_FUNCTION = YES;
				GCC_WARN_UNUSED_VARIABLE = YES;
				IPHONEOS_DEPLOYMENT_TARGET = 17.4;
				LOCALIZATION_PREFERS_STRING_CATALOGS = YES;
				MTL_ENABLE_DEBUG_INFO = INCLUDE_SOURCE;
				MTL_FAST_MATH = YES;
				ONLY_ACTIVE_ARCH = YES;
				SDKROOT = iphoneos;
				SWIFT_ACTIVE_COMPILATION_CONDITIONS = "DEBUG $(inherited)";
				SWIFT_OPTIMIZATION_LEVEL = "-Onone";
			};
			name = Debug;
		};
		D83FF5CE2DF7084500C87736 /* Release */ = {
			isa = XCBuildConfiguration;
			buildSettings = {
				ALWAYS_SEARCH_USER_PATHS = NO;
				ASSETCATALOG_COMPILER_GENERATE_SWIFT_ASSET_SYMBOL_EXTENSIONS = YES;
				CLANG_ANALYZER_NONNULL = YES;
				CLANG_ANALYZER_NUMBER_OBJECT_CONVERSION = YES_AGGRESSIVE;
				CLANG_CXX_LANGUAGE_STANDARD = "gnu++20";
				CLANG_ENABLE_MODULES = YES;
				CLANG_ENABLE_OBJC_ARC = YES;
				CLANG_ENABLE_OBJC_WEAK = YES;
				CLANG_WARN_BLOCK_CAPTURE_AUTORELEASING = YES;
				CLANG_WARN_BOOL_CONVERSION = YES;
				CLANG_WARN_COMMA = YES;
				CLANG_WARN_CONSTANT_CONVERSION = YES;
				CLANG_WARN_DEPRECATED_OBJC_IMPLEMENTATIONS = YES;
				CLANG_WARN_DIRECT_OBJC_ISA_USAGE = YES_ERROR;
				CLANG_WARN_DOCUMENTATION_COMMENTS = YES;
				CLANG_WARN_EMPTY_BODY = YES;
				CLANG_WARN_ENUM_CONVERSION = YES;
				CLANG_WARN_INFINITE_RECURSION = YES;
				CLANG_WARN_INT_CONVERSION = YES;
				CLANG_WARN_NON_LITERAL_NULL_CONVERSION = YES;
				CLANG_WARN_OBJC_IMPLICIT_RETAIN_SELF = YES;
				CLANG_WARN_OBJC_LITERAL_CONVERSION = YES;
				CLANG_WARN_OBJC_ROOT_CLASS = YES_ERROR;
				CLANG_WARN_QUOTED_INCLUDE_IN_FRAMEWORK_HEADER = YES;
				CLANG_WARN_RANGE_LOOP_ANALYSIS = YES;
				CLANG_WARN_STRICT_PROTOTYPES = YES;
				CLANG_WARN_SUSPICIOUS_MOVE = YES;
				CLANG_WARN_UNGUARDED_AVAILABILITY = YES_AGGRESSIVE;
				CLANG_WARN_UNREACHABLE_CODE = YES;
				CLANG_WARN__DUPLICATE_METHOD_MATCH = YES;
				COPY_PHASE_STRIP = NO;
				DEBUG_INFORMATION_FORMAT = "dwarf-with-dsym";
				ENABLE_NS_ASSERTIONS = NO;
				ENABLE_STRICT_OBJC_MSGSEND = YES;
				ENABLE_USER_SCRIPT_SANDBOXING = YES;
				GCC_C_LANGUAGE_STANDARD = gnu17;
				GCC_NO_COMMON_BLOCKS = YES;
				GCC_WARN_64_TO_32_BIT_CONVERSION = YES;
				GCC_WARN_ABOUT_RETURN_TYPE = YES_ERROR;
				GCC_WARN_UNDECLARED_SELECTOR = YES;
				GCC_WARN_UNINITIALIZED_AUTOS = YES_AGGRESSIVE;
				GCC_WARN_UNUSED_FUNCTION = YES;
				GCC_WARN_UNUSED_VARIABLE = YES;
				IPHONEOS_DEPLOYMENT_TARGET = 17.4;
				LOCALIZATION_PREFERS_STRING_CATALOGS = YES;
				MTL_ENABLE_DEBUG_INFO = NO;
				MTL_FAST_MATH = YES;
				SDKROOT = iphoneos;
				SWIFT_COMPILATION_MODE = wholemodule;
				VALIDATE_PRODUCT = YES;
			};
			name = Release;
		};
		D83FF5D02DF7084500C87736 /* Debug */ = {
			isa = XCBuildConfiguration;
			buildSettings = {
				ASSETCATALOG_COMPILER_APPICON_NAME = AppIcon;
				ASSETCATALOG_COMPILER_GLOBAL_ACCENT_COLOR_NAME = AccentColor;
				CODE_SIGN_STYLE = Automatic;
				CURRENT_PROJECT_VERSION = 1;
				DEVELOPMENT_ASSET_PATHS = "\"InstaStory/Preview Content\"";
				DEVELOPMENT_TEAM = F2BBNYU2CU;
				ENABLE_PREVIEWS = YES;
				GENERATE_INFOPLIST_FILE = YES;
				INFOPLIST_KEY_UIApplicationSceneManifest_Generation = YES;
				INFOPLIST_KEY_UIApplicationSupportsIndirectInputEvents = YES;
				INFOPLIST_KEY_UILaunchScreen_Generation = YES;
				INFOPLIST_KEY_UISupportedInterfaceOrientations_iPad = "UIInterfaceOrientationPortrait UIInterfaceOrientationPortraitUpsideDown UIInterfaceOrientationLandscapeLeft UIInterfaceOrientationLandscapeRight";
				INFOPLIST_KEY_UISupportedInterfaceOrientations_iPhone = "UIInterfaceOrientationPortrait UIInterfaceOrientationLandscapeLeft UIInterfaceOrientationLandscapeRight";
				LD_RUNPATH_SEARCH_PATHS = (
					"$(inherited)",
					"@executable_path/Frameworks",
				);
				MARKETING_VERSION = 1.0;
				PRODUCT_BUNDLE_IDENTIFIER = samuel.InstaStory;
				PRODUCT_NAME = "$(TARGET_NAME)";
				SWIFT_EMIT_LOC_STRINGS = YES;
				SWIFT_VERSION = 5.0;
				TARGETED_DEVICE_FAMILY = "1,2";
			};
			name = Debug;
		};
		D83FF5D12DF7084500C87736 /* Release */ = {
			isa = XCBuildConfiguration;
			buildSettings = {
				ASSETCATALOG_COMPILER_APPICON_NAME = AppIcon;
				ASSETCATALOG_COMPILER_GLOBAL_ACCENT_COLOR_NAME = AccentColor;
				CODE_SIGN_STYLE = Automatic;
				CURRENT_PROJECT_VERSION = 1;
				DEVELOPMENT_ASSET_PATHS = "\"InstaStory/Preview Content\"";
				DEVELOPMENT_TEAM = F2BBNYU2CU;
				ENABLE_PREVIEWS = YES;
				GENERATE_INFOPLIST_FILE = YES;
				INFOPLIST_KEY_UIApplicationSceneManifest_Generation = YES;
				INFOPLIST_KEY_UIApplicationSupportsIndirectInputEvents = YES;
				INFOPLIST_KEY_UILaunchScreen_Generation = YES;
				INFOPLIST_KEY_UISupportedInterfaceOrientations_iPad = "UIInterfaceOrientationPortrait UIInterfaceOrientationPortraitUpsideDown UIInterfaceOrientationLandscapeLeft UIInterfaceOrientationLandscapeRight";
				INFOPLIST_KEY_UISupportedInterfaceOrientations_iPhone = "UIInterfaceOrientationPortrait UIInterfaceOrientationLandscapeLeft UIInterfaceOrientationLandscapeRight";
				LD_RUNPATH_SEARCH_PATHS = (
					"$(inherited)",
					"@executable_path/Frameworks",
				);
				MARKETING_VERSION = 1.0;
				PRODUCT_BUNDLE_IDENTIFIER = samuel.InstaStory;
				PRODUCT_NAME = "$(TARGET_NAME)";
				SWIFT_EMIT_LOC_STRINGS = YES;
				SWIFT_VERSION = 5.0;
				TARGETED_DEVICE_FAMILY = "1,2";
			};
			name = Release;
		};
/* End XCBuildConfiguration section */

/* Begin XCConfigurationList section */
		D83FF5BA2DF7084400C87736 /* Build configuration list for PBXProject "InstaStory" */ = {
			isa = XCConfigurationList;
			buildConfigurations = (
				D83FF5CD2DF7084500C87736 /* Debug */,
				D83FF5CE2DF7084500C87736 /* Release */,
			);
			defaultConfigurationIsVisible = 0;
			defaultConfigurationName = Release;
		};
		D83FF5CF2DF7084500C87736 /* Build configuration list for PBXNativeTarget "InstaStory" */ = {
			isa = XCConfigurationList;
			buildConfigurations = (
				D83FF5D02DF7084500C87736 /* Debug */,
				D83FF5D12DF7084500C87736 /* Release */,
			);
			defaultConfigurationIsVisible = 0;
			defaultConfigurationName = Release;
		};
/* End XCConfigurationList section */
	};
	rootObject = D83FF5B72DF7084400C87736 /* Project object */;
}
